{
    "_readme": [
        "This file locks the dependencies of your project to a known state",
        "Read more about it at https://getcomposer.org/doc/01-basic-usage.md#installing-dependencies",
        "This file is @generated automatically"
    ],
    "content-hash": "724554292c3ee546c4980df63002a79a",
    "packages": [],
    "packages-dev": [
        {
            "name": "melvdouc/obrussa",
            "version": "v1.0.1",
            "source": {
                "type": "git",
                "url": "https://github.com/MelvDouc/php-obrussa.git",
                "reference": "0c479b49c75af80cd77dd962646d223b7e68d5b9"
            },
            "dist": {
                "type": "zip",
                "url": "https://api.github.com/repos/MelvDouc/php-obrussa/zipball/0c479b49c75af80cd77dd962646d223b7e68d5b9",
                "reference": "0c479b49c75af80cd77dd962646d223b7e68d5b9",
                "shasum": ""
            },
            "type": "library",
            "autoload": {
                "psr-4": {
                    "MelvDouc\\Obrussa\\": "src/"
                }
            },
            "notification-url": "https://packagist.org/downloads/",
            "license": [
                "MIT"
            ],
            "authors": [
                {
                    "name": "MelvDouc",
                    "email": "melv.douc@gmail.com"
                }
            ],
            "description": "A simple PHP unit test library.",
            "keywords": [
                "test",
                "tests",
                "unit"
            ],
            "support": {
                "issues": "https://github.com/MelvDouc/php-obrussa/issues",
                "source": "https://github.com/MelvDouc/php-obrussa/tree/v1.0.1"
            },
            "time": "2024-01-24T13:49:41+00:00"
        }
    ],
    "aliases": [],
    "minimum-stability": "stable",
    "stability-flags": [],
    "prefer-stable": false,
    "prefer-lowest": false,
    "platform": [],
    "platform-dev": [],
    "plugin-api-version": "2.6.0"
}
